
Microsoft Visual Studio Solution File, Format Version 12.00
# Visual Studio Version 17
VisualStudioVersion = 17.2.32630.192
MinimumVisualStudioVersion = 10.0.40219.1
Project("{8BC9CEB8-8B4A-11D0-8D11-00A0C91BC942}") = "DXlid21", "DXlid21.vcxproj", "{74717D53-A946-4463-B565-5FB1227288EE}"
EndProject
Global
	GlobalSection(SolutionConfigurationPlatforms) = preSolution
		Debug|x64 = Debug|x64
		Debug|x86 = Debug|x86
		Release|x64 = Release|x64
		Release|x86 = Release|x86
	EndGlobalSection
	GlobalSection(ProjectConfigurationPlatforms) = postSolution
		{74717D53-A946-4463-B565-5FB1227288EE}.Debug|x64.ActiveCfg = Debug|x64
		{74717D53-A946-4463-B565-5FB1227288EE}.Debug|x64.Build.0 = Debug|x64
		{74717D53-A946-4463-B565-5FB1227288EE}.Debug|x86.ActiveCfg = Debug|Win32
		{74717D53-A946-4463-B565-5FB1227288EE}.Debug|x86.Build.0 = Debug|Win32
		{74717D53-A946-4463-B565-5FB1227288EE}.Release|x64.ActiveCfg = Release|x64
		{74717D53-A946-4463-B565-5FB1227288EE}.Release|x64.Build.0 = Release|x64
		{74717D53-A946-4463-B565-5FB1227288EE}.Release|x86.ActiveCfg = Release|Win32
		{74717D53-A946-4463-B565-5FB1227288EE}.Release|x86.Build.0 = Release|Win32
	EndGlobalSection
	GlobalSection(SolutionProperties) = preSolution
		HideSolutionNode = FALSE
	EndGlobalSection
	GlobalSection(ExtensibilityGlobals) = postSolution
		SolutionGuid = {D96018CB-5470-452B-86BA-1EF1F4C8C61A}
	EndGlobalSection
EndGlobal
